
Microsoft Visual Studio Solution File, Format Version 12.00
# Visual Studio Version 17
VisualStudioVersion = 17.7.34202.233
MinimumVisualStudioVersion = 10.0.40219.1
Project("{FAE04EC0-301F-11D3-BF4B-00C04F79EFBC}") = "firstdemovscode", "firstdemovscode.csproj", "{1008CCB5-C250-45FC-8E75-224148667912}"
EndProject
Global
	GlobalSection(SolutionConfigurationPlatforms) = preSolution
		Debug|Any CPU = Debug|Any CPU
		Release|Any CPU = Release|Any CPU
	EndGlobalSection
	GlobalSection(ProjectConfigurationPlatforms) = postSolution
		{1008CCB5-C250-45FC-8E75-224148667912}.Debug|Any CPU.ActiveCfg = Debug|Any CPU
		{1008CCB5-C250-45FC-8E75-224148667912}.Debug|Any CPU.Build.0 = Debug|Any CPU
		{1008CCB5-C250-45FC-8E75-224148667912}.Release|Any CPU.ActiveCfg = Release|Any CPU
		{1008CCB5-C250-45FC-8E75-224148667912}.Release|Any CPU.Build.0 = Release|Any CPU
	EndGlobalSection
	GlobalSection(SolutionProperties) = preSolution
		HideSolutionNode = FALSE
	EndGlobalSection
	GlobalSection(ExtensibilityGlobals) = postSolution
		SolutionGuid = {34E25857-F940-42D7-92CC-5B929688B9EF}
	EndGlobalSection
EndGlobal
